// !$*UTF8*$!
{
	archiveVersion = 1;
	classes = {
	};
	objectVersion = 77;
	objects = {

/* Begin PBXBuildFile section */
		0018BE4DAC1E925FAA8EC9A9 /* DatabaseView.swift in Sources */ = {isa = PBXBuildFile; fileRef = 7C3775B5701C3890F87CB8BE /* DatabaseView.swift */; };
		05D0C0A06DC186CC6ACB9036 /* LogView.swift in Sources */ = {isa = PBXBuildFile; fileRef = 0BEE9E5C0D2407715C04635A /* LogView.swift */; };
		06262C8356CF39B0FA17876A /* FirestoreService.swift in Sources */ = {isa = PBXBuildFile; fileRef = BDEDDC410D95BE43CCA5A749 /* FirestoreService.swift */; };
		0B7583DB2AB23D04E1090073 /* AdMobMapView.swift in Sources */ = {isa = PBXBuildFile; fileRef = E001CC11A882EA7710E3D27B /* AdMobMapView.swift */; };
		19A6D654805878738A286A1E /* AppStoreConnectModels.swift in Sources */ = {isa = PBXBuildFile; fileRef = 18FB4EF4AAB4840E96756FC0 /* AppStoreConnectModels.swift */; };
		1AB62EF07FFD32BFBF56B7D3 /* AnalyticsService.swift in Sources */ = {isa = PBXBuildFile; fileRef = 53DED1B8B56801B85C1C28E4 /* AnalyticsService.swift */; };
		1E16AEB158718010234E243D /* VersionHealthView.swift in Sources */ = {isa = PBXBuildFile; fileRef = DC1C73CBCFA5514E735799AB /* VersionHealthView.swift */; };
		1E86B398D64204266AD4EE85 /* AdMobService.swift in Sources */ = {isa = PBXBuildFile; fileRef = 4E1EA7EBE88A3678FDD48344 /* AdMobService.swift */; };
		26F901493180BB5664AC74FB /* AppCountryView.swift in Sources */ = {isa = PBXBuildFile; fileRef = 689DF103E652A0D44870B7FA /* AppCountryView.swift */; };
		30AC2A43E7CE598C00C106F4 /* FirebaseViewerApp.swift in Sources */ = {isa = PBXBuildFile; fileRef = 1096459A59AC8750EEE7D9E4 /* FirebaseViewerApp.swift */; };
		34B16B16E7156C634F47AE0E /* VersionsByRevenueView.swift in Sources */ = {isa = PBXBuildFile; fileRef = 8E27632E8D03F20068905247 /* VersionsByRevenueView.swift */; };
		3902EBDB8BF16967CA1B05CA /* AppVersionsView.swift in Sources */ = {isa = PBXBuildFile; fileRef = 783695D71780FF6CF4CB1F1E /* AppVersionsView.swift */; };
		3A6C87147D494DD42092F34E /* VersionAdoptionView.swift in Sources */ = {isa = PBXBuildFile; fileRef = 40081888539158E9C7267B09 /* VersionAdoptionView.swift */; };
		3BCC3914DBAFE73453D94B74 /* VersionActivityView.swift in Sources */ = {isa = PBXBuildFile; fileRef = 7B9FDA8475912DB9337557EF /* VersionActivityView.swift */; };
		427744DB5C9F7AF7C2A41FBB /* macOS-Info.plist in Resources */ = {isa = PBXBuildFile; fileRef = 81BA67CDD8DFDCBF95C53E77 /* macOS-Info.plist */; };
		44BE15D217F50172AE5C1178 /* AppLogger.swift in Sources */ = {isa = PBXBuildFile; fileRef = 7DBC95EA88EAE5C1F9F20BE1 /* AppLogger.swift */; };
		4622AA96D7EEE35A3BDF4973 /* ServiceAccount.json in Resources */ = {isa = PBXBuildFile; fileRef = D67DA9BFF6819D0435780CDE /* ServiceAccount.json */; };
		5022650A77A79E48056C8DAC /* KeychainService.swift in Sources */ = {isa = PBXBuildFile; fileRef = C22C98561BE2EB7337AFB190 /* KeychainService.swift */; };
		51D555656E9E3A0FBCB35F8D /* ErrorLogsModels.swift in Sources */ = {isa = PBXBuildFile; fileRef = 4317E781188B11E8D7A5671D /* ErrorLogsModels.swift */; };
		55E08E2C48AECA2D2D494456 /* JWTService.swift in Sources */ = {isa = PBXBuildFile; fileRef = AA17D7A287B87912D85610B5 /* JWTService.swift */; };
		5842BF147003FEBCCD09842F /* AdMobService.swift in Sources */ = {isa = PBXBuildFile; fileRef = 4E1EA7EBE88A3678FDD48344 /* AdMobService.swift */; };
		585E03B57B1CD671A1F1535A /* AppLogger.swift in Sources */ = {isa = PBXBuildFile; fileRef = 7DBC95EA88EAE5C1F9F20BE1 /* AppLogger.swift */; };
		58A9DEA2033CE3B054CA5D22 /* GroupedByVersionView.swift in Sources */ = {isa = PBXBuildFile; fileRef = BF8D2A7DB6AE85292F163DE9 /* GroupedByVersionView.swift */; };
		5B1E1D876853071F5F1D4412 /* GoogleService-Info.plist in Resources */ = {isa = PBXBuildFile; fileRef = 130F3C8DB5EE3E5D027413D1 /* GoogleService-Info.plist */; };
		5D52F7E761536CE01AB3E681 /* ServiceAccount.json in Resources */ = {isa = PBXBuildFile; fileRef = D67DA9BFF6819D0435780CDE /* ServiceAccount.json */; };
		604EE08547DFFB4DD878A6D8 /* AnalyticsService.swift in Sources */ = {isa = PBXBuildFile; fileRef = 53DED1B8B56801B85C1C28E4 /* AnalyticsService.swift */; };
		6399E3676E6C94624B169844 /* FirebaseProject.swift in Sources */ = {isa = PBXBuildFile; fileRef = DA3965847DC52CFE199E5DD0 /* FirebaseProject.swift */; };
		66F4E06AA5ACE668D58B4962 /* ResortViewerServiceAccount.json in Resources */ = {isa = PBXBuildFile; fileRef = 3FAEBBDAB8BED39EB2BB3BA7 /* ResortViewerServiceAccount.json */; };
		6776D3F0011EE4F8CABB1A5A /* ContentView.swift in Sources */ = {isa = PBXBuildFile; fileRef = 65A25B943920AF057012BA17 /* ContentView.swift */; };
		68A298C0AB107F2833B49F70 /* AdMobView.swift in Sources */ = {isa = PBXBuildFile; fileRef = D4802D6D2C53D790EEA3F1C8 /* AdMobView.swift */; };
		6D54A47C4AB5F1C897FA605B /* LogView.swift in Sources */ = {isa = PBXBuildFile; fileRef = 0BEE9E5C0D2407715C04635A /* LogView.swift */; };
		6FEE3E04CCA5A2080AC42B28 /* StatsCardView.swift in Sources */ = {isa = PBXBuildFile; fileRef = E513BF826C03175E36F6451C /* StatsCardView.swift */; };
		7009D0C3E9440CF8213CF4F1 /* Assets.xcassets in Resources */ = {isa = PBXBuildFile; fileRef = 78A2EDB85A6B565049DC4015 /* Assets.xcassets */; };
		712785744AD9FF0A2BAC6B49 /* AppStoreConnectService.swift in Sources */ = {isa = PBXBuildFile; fileRef = 4891306D81F44FF0FAC7DC6E /* AppStoreConnectService.swift */; };
		75D0508EF2559C194E44F866 /* AppVersionsView.swift in Sources */ = {isa = PBXBuildFile; fileRef = 783695D71780FF6CF4CB1F1E /* AppVersionsView.swift */; };
		76765BB2368938F3F0608636 /* AppStoreMapView.swift in Sources */ = {isa = PBXBuildFile; fileRef = D5B6EB559AB8779619D06DE7 /* AppStoreMapView.swift */; };
		7D066B4409EE29AFB653DB51 /* VersionHealthView.swift in Sources */ = {isa = PBXBuildFile; fileRef = DC1C73CBCFA5514E735799AB /* VersionHealthView.swift */; };
		8069C2D1486AE68F259F79BD /* MapView.swift in Sources */ = {isa = PBXBuildFile; fileRef = 2AF588988D7816FA326CAE0A /* MapView.swift */; };
		83E01F4A0DBC947B7905BB8A /* CountryCoordinates.swift in Sources */ = {isa = PBXBuildFile; fileRef = 084EE78CF46C11F194B5B3C8 /* CountryCoordinates.swift */; };
		8AA096CF4FDA03F30DE4E348 /* CountryCoordinates.swift in Sources */ = {isa = PBXBuildFile; fileRef = 084EE78CF46C11F194B5B3C8 /* CountryCoordinates.swift */; };
		8AEC51614D980C5262E8806D /* KeychainService.swift in Sources */ = {isa = PBXBuildFile; fileRef = C22C98561BE2EB7337AFB190 /* KeychainService.swift */; };
		8BBCFAF6F2B3C68C85C31842 /* AppStoreConnectModels.swift in Sources */ = {isa = PBXBuildFile; fileRef = 18FB4EF4AAB4840E96756FC0 /* AppStoreConnectModels.swift */; };
		8E8E62FFB25F605F99D70186 /* AuthKey_597FS4329D.p8 in Resources */ = {isa = PBXBuildFile; fileRef = A4BDCA918158CCBAD13B37DB /* AuthKey_597FS4329D.p8 */; };
		90F834D4FD4DC6EC131E0B21 /* PlatformColors.swift in Sources */ = {isa = PBXBuildFile; fileRef = C1B018CE183A25CCFF8A64A0 /* PlatformColors.swift */; };
		92652EEBEAADE332AB0480A8 /* DownloadsView.swift in Sources */ = {isa = PBXBuildFile; fileRef = 450F4E5B310E6D560D5B5103 /* DownloadsView.swift */; };
		965D5A14A9ED195E591B1555 /* GroupedByVersionView.swift in Sources */ = {isa = PBXBuildFile; fileRef = BF8D2A7DB6AE85292F163DE9 /* GroupedByVersionView.swift */; };
		987E0BB42DBB1153E19CD71D /* PlatformColors.swift in Sources */ = {isa = PBXBuildFile; fileRef = C1B018CE183A25CCFF8A64A0 /* PlatformColors.swift */; };
		9A00EC96249B070CAA137111 /* DatabaseView.swift in Sources */ = {isa = PBXBuildFile; fileRef = 7C3775B5701C3890F87CB8BE /* DatabaseView.swift */; };
		9CFCDE075794F6452F72FF88 /* AdMobMapView.swift in Sources */ = {isa = PBXBuildFile; fileRef = E001CC11A882EA7710E3D27B /* AdMobMapView.swift */; };
		A0A6B5EB169191EE3F2044F1 /* FirestoreService.swift in Sources */ = {isa = PBXBuildFile; fileRef = BDEDDC410D95BE43CCA5A749 /* FirestoreService.swift */; };
		A3A4C3C420A0ECD239244B8F /* AppStoreMapView.swift in Sources */ = {isa = PBXBuildFile; fileRef = D5B6EB559AB8779619D06DE7 /* AppStoreMapView.swift */; };
		A4F13ECA308B6ACAC5FDED75 /* AppStoreConnectService.swift in Sources */ = {isa = PBXBuildFile; fileRef = 4891306D81F44FF0FAC7DC6E /* AppStoreConnectService.swift */; };
		A6609D9BD62D0A5804808815 /* MapView.swift in Sources */ = {isa = PBXBuildFile; fileRef = 2AF588988D7816FA326CAE0A /* MapView.swift */; };
		A7645E768951AC01C7A02072 /* ErrorLogsView.swift in Sources */ = {isa = PBXBuildFile; fileRef = 4A228ACA1BB681C5668E8AC9 /* ErrorLogsView.swift */; };
		A8F991F005019098386DC905 /* VersionsByRevenueView.swift in Sources */ = {isa = PBXBuildFile; fileRef = 8E27632E8D03F20068905247 /* VersionsByRevenueView.swift */; };
		AEC2627BC4BE702153713D74 /* DashboardView.swift in Sources */ = {isa = PBXBuildFile; fileRef = 87A766676281AD490BCC5C03 /* DashboardView.swift */; };
		AEF5B3335C5FC79B68975509 /* AnalyticsModels.swift in Sources */ = {isa = PBXBuildFile; fileRef = A74638F7AE881A6C9E364041 /* AnalyticsModels.swift */; };
		B6DD4BE657DAC7B8F46DB36F /* AppStoreStatsView.swift in Sources */ = {isa = PBXBuildFile; fileRef = 01D9A1663EE19085BD7E4B03 /* AppStoreStatsView.swift */; };
		B9873BCD37666BE9E5589833 /* ContentView.swift in Sources */ = {isa = PBXBuildFile; fileRef = 65A25B943920AF057012BA17 /* ContentView.swift */; };
		BDED4D9EC816AEEF01021A0D /* AuthKey_597FS4329D.p8 in Resources */ = {isa = PBXBuildFile; fileRef = A4BDCA918158CCBAD13B37DB /* AuthKey_597FS4329D.p8 */; };
		BEDD7AE25792E5FC72E8F2CB /* Assets.xcassets in Resources */ = {isa = PBXBuildFile; fileRef = 78A2EDB85A6B565049DC4015 /* Assets.xcassets */; };
		C67F17E9B25D33184848A84B /* ResortViewerServiceAccount.json in Resources */ = {isa = PBXBuildFile; fileRef = 3FAEBBDAB8BED39EB2BB3BA7 /* ResortViewerServiceAccount.json */; };
		C6F32C456704A82856EFB3B0 /* AdMobView.swift in Sources */ = {isa = PBXBuildFile; fileRef = D4802D6D2C53D790EEA3F1C8 /* AdMobView.swift */; };
		CAAE8E1E6977298718C1305F /* DashboardView.swift in Sources */ = {isa = PBXBuildFile; fileRef = 87A766676281AD490BCC5C03 /* DashboardView.swift */; };
		D043871E209A2F699CB32190 /* FirebaseProject.swift in Sources */ = {isa = PBXBuildFile; fileRef = DA3965847DC52CFE199E5DD0 /* FirebaseProject.swift */; };
		D0F10F7E7A06A49CBEB993CC /* AppStoreConnectConfig.json in Resources */ = {isa = PBXBuildFile; fileRef = DB56C9BE77E14CB914DD3DA4 /* AppStoreConnectConfig.json */; };
		D7CD51601CE3B489E821F7ED /* AnalyticsModels.swift in Sources */ = {isa = PBXBuildFile; fileRef = A74638F7AE881A6C9E364041 /* AnalyticsModels.swift */; };
		D8A0901F7792AAA605658432 /* ErrorLogsService.swift in Sources */ = {isa = PBXBuildFile; fileRef = DCB246E849B790705B654CD9 /* ErrorLogsService.swift */; };
		D8D3DC5CF0BFE103B6C67D32 /* AppCountryView.swift in Sources */ = {isa = PBXBuildFile; fileRef = 689DF103E652A0D44870B7FA /* AppCountryView.swift */; };
		D9449C117C4C6D0A67FD61E4 /* DownloadsView.swift in Sources */ = {isa = PBXBuildFile; fileRef = 450F4E5B310E6D560D5B5103 /* DownloadsView.swift */; };
		DB97D328A1D032822E52069A /* VersionActivityView.swift in Sources */ = {isa = PBXBuildFile; fileRef = 7B9FDA8475912DB9337557EF /* VersionActivityView.swift */; };
		DD14AA131C76A2484D895937 /* AppStoreConnectConfig.json in Resources */ = {isa = PBXBuildFile; fileRef = DB56C9BE77E14CB914DD3DA4 /* AppStoreConnectConfig.json */; };
		E34384B985BE3787C2233587 /* ErrorLogsService.swift in Sources */ = {isa = PBXBuildFile; fileRef = DCB246E849B790705B654CD9 /* ErrorLogsService.swift */; };
		E4BA5555D6AE98104D6445BD /* GoogleService-Info.plist in Resources */ = {isa = PBXBuildFile; fileRef = 130F3C8DB5EE3E5D027413D1 /* GoogleService-Info.plist */; };
		E5E7027663BC2ECD5C91D7E4 /* VersionAdoptionView.swift in Sources */ = {isa = PBXBuildFile; fileRef = 40081888539158E9C7267B09 /* VersionAdoptionView.swift */; };
		E7182EEBC6D8B049EFC508EB /* VersionsByLocationView.swift in Sources */ = {isa = PBXBuildFile; fileRef = E2C629C7972A71205CC35CD1 /* VersionsByLocationView.swift */; };
		EAB150CD76AAD7F48384052D /* ErrorLogsView.swift in Sources */ = {isa = PBXBuildFile; fileRef = 4A228ACA1BB681C5668E8AC9 /* ErrorLogsView.swift */; };
		ECBF577BA8B7EF388FBEEB36 /* AppStoreStatsView.swift in Sources */ = {isa = PBXBuildFile; fileRef = 01D9A1663EE19085BD7E4B03 /* AppStoreStatsView.swift */; };
		EEDAA96A5EE78D4273D9DC4F /* JWTService.swift in Sources */ = {isa = PBXBuildFile; fileRef = AA17D7A287B87912D85610B5 /* JWTService.swift */; };
		F1CB6AFC537DD8D2D90681E6 /* FirebaseViewerApp.swift in Sources */ = {isa = PBXBuildFile; fileRef = 1096459A59AC8750EEE7D9E4 /* FirebaseViewerApp.swift */; };
		F435E5293B0C1F4A729E64D6 /* VersionsByLocationView.swift in Sources */ = {isa = PBXBuildFile; fileRef = E2C629C7972A71205CC35CD1 /* VersionsByLocationView.swift */; };
		F5E861B787939CCA633DB459 /* ErrorLogsModels.swift in Sources */ = {isa = PBXBuildFile; fileRef = 4317E781188B11E8D7A5671D /* ErrorLogsModels.swift */; };
		FF04B7210F526E3A2C39E364 /* StatsCardView.swift in Sources */ = {isa = PBXBuildFile; fileRef = E513BF826C03175E36F6451C /* StatsCardView.swift */; };
/* End PBXBuildFile section */

/* Begin PBXFileReference section */
		01D9A1663EE19085BD7E4B03 /* AppStoreStatsView.swift */ = {isa = PBXFileReference; lastKnownFileType = sourcecode.swift; path = AppStoreStatsView.swift; sourceTree = "<group>"; };
		084EE78CF46C11F194B5B3C8 /* CountryCoordinates.swift */ = {isa = PBXFileReference; lastKnownFileType = sourcecode.swift; path = CountryCoordinates.swift; sourceTree = "<group>"; };
		0BEE9E5C0D2407715C04635A /* LogView.swift */ = {isa = PBXFileReference; lastKnownFileType = sourcecode.swift; path = LogView.swift; sourceTree = "<group>"; };
		1096459A59AC8750EEE7D9E4 /* FirebaseViewerApp.swift */ = {isa = PBXFileReference; lastKnownFileType = sourcecode.swift; path = FirebaseViewerApp.swift; sourceTree = "<group>"; };
		120A3292AA723E86EBA791B3 /* FirebaseViewer.app */ = {isa = PBXFileReference; includeInIndex = 0; lastKnownFileType = wrapper.application; path = FirebaseViewer.app; sourceTree = BUILT_PRODUCTS_DIR; };
		130F3C8DB5EE3E5D027413D1 /* GoogleService-Info.plist */ = {isa = PBXFileReference; lastKnownFileType = text.plist; path = "GoogleService-Info.plist"; sourceTree = "<group>"; };
		18FB4EF4AAB4840E96756FC0 /* AppStoreConnectModels.swift */ = {isa = PBXFileReference; lastKnownFileType = sourcecode.swift; path = AppStoreConnectModels.swift; sourceTree = "<group>"; };
		2AF588988D7816FA326CAE0A /* MapView.swift */ = {isa = PBXFileReference; lastKnownFileType = sourcecode.swift; path = MapView.swift; sourceTree = "<group>"; };
		3FAEBBDAB8BED39EB2BB3BA7 /* ResortViewerServiceAccount.json */ = {isa = PBXFileReference; lastKnownFileType = text.json; path = ResortViewerServiceAccount.json; sourceTree = "<group>"; };
		40081888539158E9C7267B09 /* VersionAdoptionView.swift */ = {isa = PBXFileReference; lastKnownFileType = sourcecode.swift; path = VersionAdoptionView.swift; sourceTree = "<group>"; };
		4317E781188B11E8D7A5671D /* ErrorLogsModels.swift */ = {isa = PBXFileReference; lastKnownFileType = sourcecode.swift; path = ErrorLogsModels.swift; sourceTree = "<group>"; };
		450F4E5B310E6D560D5B5103 /* DownloadsView.swift */ = {isa = PBXFileReference; lastKnownFileType = sourcecode.swift; path = DownloadsView.swift; sourceTree = "<group>"; };
		4891306D81F44FF0FAC7DC6E /* AppStoreConnectService.swift */ = {isa = PBXFileReference; lastKnownFileType = sourcecode.swift; path = AppStoreConnectService.swift; sourceTree = "<group>"; };
		4A228ACA1BB681C5668E8AC9 /* ErrorLogsView.swift */ = {isa = PBXFileReference; lastKnownFileType = sourcecode.swift; path = ErrorLogsView.swift; sourceTree = "<group>"; };
		4E1EA7EBE88A3678FDD48344 /* AdMobService.swift */ = {isa = PBXFileReference; lastKnownFileType = sourcecode.swift; path = AdMobService.swift; sourceTree = "<group>"; };
		53DED1B8B56801B85C1C28E4 /* AnalyticsService.swift */ = {isa = PBXFileReference; lastKnownFileType = sourcecode.swift; path = AnalyticsService.swift; sourceTree = "<group>"; };
		65A25B943920AF057012BA17 /* ContentView.swift */ = {isa = PBXFileReference; lastKnownFileType = sourcecode.swift; path = ContentView.swift; sourceTree = "<group>"; };
		689DF103E652A0D44870B7FA /* AppCountryView.swift */ = {isa = PBXFileReference; lastKnownFileType = sourcecode.swift; path = AppCountryView.swift; sourceTree = "<group>"; };
		783695D71780FF6CF4CB1F1E /* AppVersionsView.swift */ = {isa = PBXFileReference; lastKnownFileType = sourcecode.swift; path = AppVersionsView.swift; sourceTree = "<group>"; };
		78A2EDB85A6B565049DC4015 /* Assets.xcassets */ = {isa = PBXFileReference; lastKnownFileType = folder.assetcatalog; path = Assets.xcassets; sourceTree = "<group>"; };
		7B9FDA8475912DB9337557EF /* VersionActivityView.swift */ = {isa = PBXFileReference; lastKnownFileType = sourcecode.swift; path = VersionActivityView.swift; sourceTree = "<group>"; };
		7C3775B5701C3890F87CB8BE /* DatabaseView.swift */ = {isa = PBXFileReference; lastKnownFileType = sourcecode.swift; path = DatabaseView.swift; sourceTree = "<group>"; };
		7DBC95EA88EAE5C1F9F20BE1 /* AppLogger.swift */ = {isa = PBXFileReference; lastKnownFileType = sourcecode.swift; path = AppLogger.swift; sourceTree = "<group>"; };
		81BA67CDD8DFDCBF95C53E77 /* macOS-Info.plist */ = {isa = PBXFileReference; lastKnownFileType = text.plist; path = "macOS-Info.plist"; sourceTree = "<group>"; };
		87A766676281AD490BCC5C03 /* DashboardView.swift */ = {isa = PBXFileReference; lastKnownFileType = sourcecode.swift; path = DashboardView.swift; sourceTree = "<group>"; };
		8E27632E8D03F20068905247 /* VersionsByRevenueView.swift */ = {isa = PBXFileReference; lastKnownFileType = sourcecode.swift; path = VersionsByRevenueView.swift; sourceTree = "<group>"; };
		A4BDCA918158CCBAD13B37DB /* AuthKey_597FS4329D.p8 */ = {isa = PBXFileReference; path = AuthKey_597FS4329D.p8; sourceTree = "<group>"; };
		A74638F7AE881A6C9E364041 /* AnalyticsModels.swift */ = {isa = PBXFileReference; lastKnownFileType = sourcecode.swift; path = AnalyticsModels.swift; sourceTree = "<group>"; };
		AA17D7A287B87912D85610B5 /* JWTService.swift */ = {isa = PBXFileReference; lastKnownFileType = sourcecode.swift; path = JWTService.swift; sourceTree = "<group>"; };
		BDEDDC410D95BE43CCA5A749 /* FirestoreService.swift */ = {isa = PBXFileReference; lastKnownFileType = sourcecode.swift; path = FirestoreService.swift; sourceTree = "<group>"; };
		BF8D2A7DB6AE85292F163DE9 /* GroupedByVersionView.swift */ = {isa = PBXFileReference; lastKnownFileType = sourcecode.swift; path = GroupedByVersionView.swift; sourceTree = "<group>"; };
		C1B018CE183A25CCFF8A64A0 /* PlatformColors.swift */ = {isa = PBXFileReference; lastKnownFileType = sourcecode.swift; path = PlatformColors.swift; sourceTree = "<group>"; };
		C22C98561BE2EB7337AFB190 /* KeychainService.swift */ = {isa = PBXFileReference; lastKnownFileType = sourcecode.swift; path = KeychainService.swift; sourceTree = "<group>"; };
		C5C92516BB7B5E4047253AC2 /* FirebaseViewerMac.app */ = {isa = PBXFileReference; explicitFileType = wrapper.application; includeInIndex = 0; path = FirebaseViewerMac.app; sourceTree = BUILT_PRODUCTS_DIR; };
		D4802D6D2C53D790EEA3F1C8 /* AdMobView.swift */ = {isa = PBXFileReference; lastKnownFileType = sourcecode.swift; path = AdMobView.swift; sourceTree = "<group>"; };
		D5B6EB559AB8779619D06DE7 /* AppStoreMapView.swift */ = {isa = PBXFileReference; lastKnownFileType = sourcecode.swift; path = AppStoreMapView.swift; sourceTree = "<group>"; };
		D67DA9BFF6819D0435780CDE /* ServiceAccount.json */ = {isa = PBXFileReference; lastKnownFileType = text.json; path = ServiceAccount.json; sourceTree = "<group>"; };
		DA3965847DC52CFE199E5DD0 /* FirebaseProject.swift */ = {isa = PBXFileReference; lastKnownFileType = sourcecode.swift; path = FirebaseProject.swift; sourceTree = "<group>"; };
		DB56C9BE77E14CB914DD3DA4 /* AppStoreConnectConfig.json */ = {isa = PBXFileReference; lastKnownFileType = text.json; path = AppStoreConnectConfig.json; sourceTree = "<group>"; };
		DC1C73CBCFA5514E735799AB /* VersionHealthView.swift */ = {isa = PBXFileReference; lastKnownFileType = sourcecode.swift; path = VersionHealthView.swift; sourceTree = "<group>"; };
		DCB246E849B790705B654CD9 /* ErrorLogsService.swift */ = {isa = PBXFileReference; lastKnownFileType = sourcecode.swift; path = ErrorLogsService.swift; sourceTree = "<group>"; };
		E001CC11A882EA7710E3D27B /* AdMobMapView.swift */ = {isa = PBXFileReference; lastKnownFileType = sourcecode.swift; path = AdMobMapView.swift; sourceTree = "<group>"; };
		E2C629C7972A71205CC35CD1 /* VersionsByLocationView.swift */ = {isa = PBXFileReference; lastKnownFileType = sourcecode.swift; path = VersionsByLocationView.swift; sourceTree = "<group>"; };
		E513BF826C03175E36F6451C /* StatsCardView.swift */ = {isa = PBXFileReference; lastKnownFileType = sourcecode.swift; path = StatsCardView.swift; sourceTree = "<group>"; };
/* End PBXFileReference section */

/* Begin PBXGroup section */
		0CC6774463588D3DDCBDF86E /* Utilities */ = {
			isa = PBXGroup;
			children = (
				7DBC95EA88EAE5C1F9F20BE1 /* AppLogger.swift */,
				084EE78CF46C11F194B5B3C8 /* CountryCoordinates.swift */,
				C1B018CE183A25CCFF8A64A0 /* PlatformColors.swift */,
			);
			path = Utilities;
			sourceTree = "<group>";
		};
		15B81EF62FF32B3CF0CB48ED /* Models */ = {
			isa = PBXGroup;
			children = (
				A74638F7AE881A6C9E364041 /* AnalyticsModels.swift */,
				18FB4EF4AAB4840E96756FC0 /* AppStoreConnectModels.swift */,
				4317E781188B11E8D7A5671D /* ErrorLogsModels.swift */,
				DA3965847DC52CFE199E5DD0 /* FirebaseProject.swift */,
			);
			path = Models;
			sourceTree = "<group>";
		};
		3EC1B146C363C5527B9C9543 /* Products */ = {
			isa = PBXGroup;
			children = (
				120A3292AA723E86EBA791B3 /* FirebaseViewer.app */,
				C5C92516BB7B5E4047253AC2 /* FirebaseViewerMac.app */,
			);
			name = Products;
			sourceTree = "<group>";
		};
		48FFE821746444DAC98DC516 = {
			isa = PBXGroup;
			children = (
				C68533875DC08378022FE960 /* FirebaseViewer */,
				3EC1B146C363C5527B9C9543 /* Products */,
			);
			sourceTree = "<group>";
		};
		5059BAAAF93385D62E23E63D /* Services */ = {
			isa = PBXGroup;
			children = (
				4E1EA7EBE88A3678FDD48344 /* AdMobService.swift */,
				53DED1B8B56801B85C1C28E4 /* AnalyticsService.swift */,
				4891306D81F44FF0FAC7DC6E /* AppStoreConnectService.swift */,
				DCB246E849B790705B654CD9 /* ErrorLogsService.swift */,
				BDEDDC410D95BE43CCA5A749 /* FirestoreService.swift */,
				AA17D7A287B87912D85610B5 /* JWTService.swift */,
				C22C98561BE2EB7337AFB190 /* KeychainService.swift */,
			);
			path = Services;
			sourceTree = "<group>";
		};
		59DAC42B6FCD6F3C9DB309E8 /* Resources */ = {
			isa = PBXGroup;
			children = (
				DB56C9BE77E14CB914DD3DA4 /* AppStoreConnectConfig.json */,
				78A2EDB85A6B565049DC4015 /* Assets.xcassets */,
				A4BDCA918158CCBAD13B37DB /* AuthKey_597FS4329D.p8 */,
				130F3C8DB5EE3E5D027413D1 /* GoogleService-Info.plist */,
				81BA67CDD8DFDCBF95C53E77 /* macOS-Info.plist */,
				3FAEBBDAB8BED39EB2BB3BA7 /* ResortViewerServiceAccount.json */,
				D67DA9BFF6819D0435780CDE /* ServiceAccount.json */,
			);
			path = Resources;
			sourceTree = "<group>";
		};
		60631EA5F262F5954F157897 /* Views */ = {
			isa = PBXGroup;
			children = (
				E001CC11A882EA7710E3D27B /* AdMobMapView.swift */,
				D4802D6D2C53D790EEA3F1C8 /* AdMobView.swift */,
				689DF103E652A0D44870B7FA /* AppCountryView.swift */,
				D5B6EB559AB8779619D06DE7 /* AppStoreMapView.swift */,
				01D9A1663EE19085BD7E4B03 /* AppStoreStatsView.swift */,
				783695D71780FF6CF4CB1F1E /* AppVersionsView.swift */,
				87A766676281AD490BCC5C03 /* DashboardView.swift */,
				7C3775B5701C3890F87CB8BE /* DatabaseView.swift */,
				450F4E5B310E6D560D5B5103 /* DownloadsView.swift */,
				4A228ACA1BB681C5668E8AC9 /* ErrorLogsView.swift */,
				BF8D2A7DB6AE85292F163DE9 /* GroupedByVersionView.swift */,
				0BEE9E5C0D2407715C04635A /* LogView.swift */,
				2AF588988D7816FA326CAE0A /* MapView.swift */,
				E513BF826C03175E36F6451C /* StatsCardView.swift */,
				7B9FDA8475912DB9337557EF /* VersionActivityView.swift */,
				40081888539158E9C7267B09 /* VersionAdoptionView.swift */,
				DC1C73CBCFA5514E735799AB /* VersionHealthView.swift */,
				E2C629C7972A71205CC35CD1 /* VersionsByLocationView.swift */,
				8E27632E8D03F20068905247 /* VersionsByRevenueView.swift */,
			);
			path = Views;
			sourceTree = "<group>";
		};
		C68533875DC08378022FE960 /* FirebaseViewer */ = {
			isa = PBXGroup;
			children = (
				65A25B943920AF057012BA17 /* ContentView.swift */,
				1096459A59AC8750EEE7D9E4 /* FirebaseViewerApp.swift */,
				15B81EF62FF32B3CF0CB48ED /* Models */,
				59DAC42B6FCD6F3C9DB309E8 /* Resources */,
				5059BAAAF93385D62E23E63D /* Services */,
				0CC6774463588D3DDCBDF86E /* Utilities */,
				60631EA5F262F5954F157897 /* Views */,
			);
			name = FirebaseViewer;
			path = Sources/FirebaseViewer;
			sourceTree = "<group>";
		};
/* End PBXGroup section */

/* Begin PBXNativeTarget section */
		CFCC0853C614D67799991D91 /* FirebaseViewerMac */ = {
			isa = PBXNativeTarget;
			buildConfigurationList = 35B80E94D9219AD480870F7E /* Build configuration list for PBXNativeTarget "FirebaseViewerMac" */;
			buildPhases = (
				CFF71374EC532DB72B11A2B4 /* Sources */,
				D54094D37BE8B80146D9E58C /* Resources */,
			);
			buildRules = (
			);
			dependencies = (
			);
			name = FirebaseViewerMac;
			packageProductDependencies = (
			);
			productName = FirebaseViewerMac;
			productReference = C5C92516BB7B5E4047253AC2 /* FirebaseViewerMac.app */;
			productType = "com.apple.product-type.application";
		};
		D2BEF0D42A1CDAA5059A15C7 /* FirebaseViewer */ = {
			isa = PBXNativeTarget;
			buildConfigurationList = E579523B26323B43E5F86F9C /* Build configuration list for PBXNativeTarget "FirebaseViewer" */;
			buildPhases = (
				A229CF190DFD72383D5F820E /* Sources */,
				866B31B6A39DC7118ADF1B29 /* Resources */,
			);
			buildRules = (
			);
			dependencies = (
			);
			name = FirebaseViewer;
			packageProductDependencies = (
			);
			productName = FirebaseViewer;
			productReference = 120A3292AA723E86EBA791B3 /* FirebaseViewer.app */;
			productType = "com.apple.product-type.application";
		};
/* End PBXNativeTarget section */

/* Begin PBXProject section */
		9637A7AF8F3FC97E20857040 /* Project object */ = {
			isa = PBXProject;
			attributes = {
				BuildIndependentTargetsInParallel = YES;
				LastUpgradeCheck = 1500;
				TargetAttributes = {
					CFCC0853C614D67799991D91 = {
						DevelopmentTeam = 4PDB3TQD2G;
						ProvisioningStyle = Automatic;
					};
					D2BEF0D42A1CDAA5059A15C7 = {
						DevelopmentTeam = 4PDB3TQD2G;
						ProvisioningStyle = Automatic;
					};
				};
			};
			buildConfigurationList = C1394B51B64D10320C2D0F43 /* Build configuration list for PBXProject "FirebaseViewer" */;
			compatibilityVersion = "Xcode 14.0";
			developmentRegion = en;
			hasScannedForEncodings = 0;
			knownRegions = (
				Base,
				en,
			);
			mainGroup = 48FFE821746444DAC98DC516;
			minimizedProjectReferenceProxies = 1;
			preferredProjectObjectVersion = 77;
			projectDirPath = "";
			projectRoot = "";
			targets = (
				D2BEF0D42A1CDAA5059A15C7 /* FirebaseViewer */,
				CFCC0853C614D67799991D91 /* FirebaseViewerMac */,
			);
		};
/* End PBXProject section */

/* Begin PBXResourcesBuildPhase section */
		866B31B6A39DC7118ADF1B29 /* Resources */ = {
			isa = PBXResourcesBuildPhase;
			buildActionMask = 2147483647;
			files = (
				DD14AA131C76A2484D895937 /* AppStoreConnectConfig.json in Resources */,
				BEDD7AE25792E5FC72E8F2CB /* Assets.xcassets in Resources */,
				BDED4D9EC816AEEF01021A0D /* AuthKey_597FS4329D.p8 in Resources */,
				E4BA5555D6AE98104D6445BD /* GoogleService-Info.plist in Resources */,
				66F4E06AA5ACE668D58B4962 /* ResortViewerServiceAccount.json in Resources */,
				4622AA96D7EEE35A3BDF4973 /* ServiceAccount.json in Resources */,
				427744DB5C9F7AF7C2A41FBB /* macOS-Info.plist in Resources */,
			);
			runOnlyForDeploymentPostprocessing = 0;
		};
		D54094D37BE8B80146D9E58C /* Resources */ = {
			isa = PBXResourcesBuildPhase;
			buildActionMask = 2147483647;
			files = (
				D0F10F7E7A06A49CBEB993CC /* AppStoreConnectConfig.json in Resources */,
				7009D0C3E9440CF8213CF4F1 /* Assets.xcassets in Resources */,
				8E8E62FFB25F605F99D70186 /* AuthKey_597FS4329D.p8 in Resources */,
				5B1E1D876853071F5F1D4412 /* GoogleService-Info.plist in Resources */,
				C67F17E9B25D33184848A84B /* ResortViewerServiceAccount.json in Resources */,
				5D52F7E761536CE01AB3E681 /* ServiceAccount.json in Resources */,
			);
			runOnlyForDeploymentPostprocessing = 0;
		};
/* End PBXResourcesBuildPhase section */

/* Begin PBXSourcesBuildPhase section */
		A229CF190DFD72383D5F820E /* Sources */ = {
			isa = PBXSourcesBuildPhase;
			buildActionMask = 2147483647;
			files = (
				9CFCDE075794F6452F72FF88 /* AdMobMapView.swift in Sources */,
				5842BF147003FEBCCD09842F /* AdMobService.swift in Sources */,
				C6F32C456704A82856EFB3B0 /* AdMobView.swift in Sources */,
				AEF5B3335C5FC79B68975509 /* AnalyticsModels.swift in Sources */,
				604EE08547DFFB4DD878A6D8 /* AnalyticsService.swift in Sources */,
				D8D3DC5CF0BFE103B6C67D32 /* AppCountryView.swift in Sources */,
				44BE15D217F50172AE5C1178 /* AppLogger.swift in Sources */,
				8BBCFAF6F2B3C68C85C31842 /* AppStoreConnectModels.swift in Sources */,
				712785744AD9FF0A2BAC6B49 /* AppStoreConnectService.swift in Sources */,
				A3A4C3C420A0ECD239244B8F /* AppStoreMapView.swift in Sources */,
				B6DD4BE657DAC7B8F46DB36F /* AppStoreStatsView.swift in Sources */,
				3902EBDB8BF16967CA1B05CA /* AppVersionsView.swift in Sources */,
				B9873BCD37666BE9E5589833 /* ContentView.swift in Sources */,
				8AA096CF4FDA03F30DE4E348 /* CountryCoordinates.swift in Sources */,
				CAAE8E1E6977298718C1305F /* DashboardView.swift in Sources */,
				9A00EC96249B070CAA137111 /* DatabaseView.swift in Sources */,
				D9449C117C4C6D0A67FD61E4 /* DownloadsView.swift in Sources */,
				51D555656E9E3A0FBCB35F8D /* ErrorLogsModels.swift in Sources */,
				D8A0901F7792AAA605658432 /* ErrorLogsService.swift in Sources */,
				EAB150CD76AAD7F48384052D /* ErrorLogsView.swift in Sources */,
				6399E3676E6C94624B169844 /* FirebaseProject.swift in Sources */,
				30AC2A43E7CE598C00C106F4 /* FirebaseViewerApp.swift in Sources */,
				06262C8356CF39B0FA17876A /* FirestoreService.swift in Sources */,
				58A9DEA2033CE3B054CA5D22 /* GroupedByVersionView.swift in Sources */,
				EEDAA96A5EE78D4273D9DC4F /* JWTService.swift in Sources */,
				5022650A77A79E48056C8DAC /* KeychainService.swift in Sources */,
				05D0C0A06DC186CC6ACB9036 /* LogView.swift in Sources */,
				8069C2D1486AE68F259F79BD /* MapView.swift in Sources */,
				90F834D4FD4DC6EC131E0B21 /* PlatformColors.swift in Sources */,
				FF04B7210F526E3A2C39E364 /* StatsCardView.swift in Sources */,
				DB97D328A1D032822E52069A /* VersionActivityView.swift in Sources */,
				3A6C87147D494DD42092F34E /* VersionAdoptionView.swift in Sources */,
				1E16AEB158718010234E243D /* VersionHealthView.swift in Sources */,
				F435E5293B0C1F4A729E64D6 /* VersionsByLocationView.swift in Sources */,
				A8F991F005019098386DC905 /* VersionsByRevenueView.swift in Sources */,
			);
			runOnlyForDeploymentPostprocessing = 0;
		};
		CFF71374EC532DB72B11A2B4 /* Sources */ = {
			isa = PBXSourcesBuildPhase;
			buildActionMask = 2147483647;
			files = (
				0B7583DB2AB23D04E1090073 /* AdMobMapView.swift in Sources */,
				1E86B398D64204266AD4EE85 /* AdMobService.swift in Sources */,
				68A298C0AB107F2833B49F70 /* AdMobView.swift in Sources */,
				D7CD51601CE3B489E821F7ED /* AnalyticsModels.swift in Sources */,
				1AB62EF07FFD32BFBF56B7D3 /* AnalyticsService.swift in Sources */,
				26F901493180BB5664AC74FB /* AppCountryView.swift in Sources */,
				585E03B57B1CD671A1F1535A /* AppLogger.swift in Sources */,
				19A6D654805878738A286A1E /* AppStoreConnectModels.swift in Sources */,
				A4F13ECA308B6ACAC5FDED75 /* AppStoreConnectService.swift in Sources */,
				76765BB2368938F3F0608636 /* AppStoreMapView.swift in Sources */,
				ECBF577BA8B7EF388FBEEB36 /* AppStoreStatsView.swift in Sources */,
				75D0508EF2559C194E44F866 /* AppVersionsView.swift in Sources */,
				6776D3F0011EE4F8CABB1A5A /* ContentView.swift in Sources */,
				83E01F4A0DBC947B7905BB8A /* CountryCoordinates.swift in Sources */,
				AEC2627BC4BE702153713D74 /* DashboardView.swift in Sources */,
				0018BE4DAC1E925FAA8EC9A9 /* DatabaseView.swift in Sources */,
				92652EEBEAADE332AB0480A8 /* DownloadsView.swift in Sources */,
				F5E861B787939CCA633DB459 /* ErrorLogsModels.swift in Sources */,
				E34384B985BE3787C2233587 /* ErrorLogsService.swift in Sources */,
				A7645E768951AC01C7A02072 /* ErrorLogsView.swift in Sources */,
				D043871E209A2F699CB32190 /* FirebaseProject.swift in Sources */,
				F1CB6AFC537DD8D2D90681E6 /* FirebaseViewerApp.swift in Sources */,
				A0A6B5EB169191EE3F2044F1 /* FirestoreService.swift in Sources */,
				965D5A14A9ED195E591B1555 /* GroupedByVersionView.swift in Sources */,
				55E08E2C48AECA2D2D494456 /* JWTService.swift in Sources */,
				8AEC51614D980C5262E8806D /* KeychainService.swift in Sources */,
				6D54A47C4AB5F1C897FA605B /* LogView.swift in Sources */,
				A6609D9BD62D0A5804808815 /* MapView.swift in Sources */,
				987E0BB42DBB1153E19CD71D /* PlatformColors.swift in Sources */,
				6FEE3E04CCA5A2080AC42B28 /* StatsCardView.swift in Sources */,
				3BCC3914DBAFE73453D94B74 /* VersionActivityView.swift in Sources */,
				E5E7027663BC2ECD5C91D7E4 /* VersionAdoptionView.swift in Sources */,
				7D066B4409EE29AFB653DB51 /* VersionHealthView.swift in Sources */,
				E7182EEBC6D8B049EFC508EB /* VersionsByLocationView.swift in Sources */,
				34B16B16E7156C634F47AE0E /* VersionsByRevenueView.swift in Sources */,
			);
			runOnlyForDeploymentPostprocessing = 0;
		};
/* End PBXSourcesBuildPhase section */

/* Begin XCBuildConfiguration section */
		0C4548AB223F680130F63115 /* Debug */ = {
			isa = XCBuildConfiguration;
			buildSettings = {
				ASSETCATALOG_COMPILER_APPICON_NAME = AppIcon;
				CODE_SIGN_IDENTITY = "iPhone Developer";
				INFOPLIST_FILE = Sources/FirebaseViewer/Resources/Info.plist;
				LD_RUNPATH_SEARCH_PATHS = (
					"$(inherited)",
					"@executable_path/Frameworks",
				);
				SDKROOT = iphoneos;
				TARGETED_DEVICE_FAMILY = "1,2";
			};
			name = Debug;
		};
		2754CCD5423C1A3B8F615ACA /* Debug */ = {
			isa = XCBuildConfiguration;
			buildSettings = {
				ALWAYS_SEARCH_USER_PATHS = NO;
				ASSETCATALOG_COMPILER_APPICON_NAME = AppIcon;
				CLANG_ANALYZER_NONNULL = YES;
				CLANG_ANALYZER_NUMBER_OBJECT_CONVERSION = YES_AGGRESSIVE;
				CLANG_CXX_LANGUAGE_STANDARD = "gnu++14";
				CLANG_CXX_LIBRARY = "libc++";
				CLANG_ENABLE_MODULES = YES;
				CLANG_ENABLE_OBJC_ARC = YES;
				CLANG_ENABLE_OBJC_WEAK = YES;
				CLANG_WARN_BLOCK_CAPTURE_AUTORELEASING = YES;
				CLANG_WARN_BOOL_CONVERSION = YES;
				CLANG_WARN_COMMA = YES;
				CLANG_WARN_CONSTANT_CONVERSION = YES;
				CLANG_WARN_DEPRECATED_OBJC_IMPLEMENTATIONS = YES;
				CLANG_WARN_DIRECT_OBJC_ISA_USAGE = YES_ERROR;
				CLANG_WARN_DOCUMENTATION_COMMENTS = YES;
				CLANG_WARN_EMPTY_BODY = YES;
				CLANG_WARN_ENUM_CONVERSION = YES;
				CLANG_WARN_INFINITE_RECURSION = YES;
				CLANG_WARN_INT_CONVERSION = YES;
				CLANG_WARN_NON_LITERAL_NULL_CONVERSION = YES;
				CLANG_WARN_OBJC_IMPLICIT_RETAIN_SELF = YES;
				CLANG_WARN_OBJC_LITERAL_CONVERSION = YES;
				CLANG_WARN_OBJC_ROOT_CLASS = YES_ERROR;
				CLANG_WARN_QUOTED_INCLUDE_IN_FRAMEWORK_HEADER = YES;
				CLANG_WARN_RANGE_LOOP_ANALYSIS = YES;
				CLANG_WARN_STRICT_PROTOTYPES = YES;
				CLANG_WARN_SUSPICIOUS_MOVE = YES;
				CLANG_WARN_UNGUARDED_AVAILABILITY = YES_AGGRESSIVE;
				CLANG_WARN_UNREACHABLE_CODE = YES;
				CLANG_WARN__DUPLICATE_METHOD_MATCH = YES;
				CODE_SIGN_STYLE = Automatic;
				COPY_PHASE_STRIP = NO;
				CURRENT_PROJECT_VERSION = 1;
				DEBUG_INFORMATION_FORMAT = dwarf;
				DEVELOPMENT_TEAM = 4PDB3TQD2G;
				ENABLE_STRICT_OBJC_MSGSEND = YES;
				ENABLE_TESTABILITY = YES;
				GCC_C_LANGUAGE_STANDARD = gnu11;
				GCC_DYNAMIC_NO_PIC = NO;
				GCC_NO_COMMON_BLOCKS = YES;
				GCC_OPTIMIZATION_LEVEL = 0;
				GCC_PREPROCESSOR_DEFINITIONS = (
					"$(inherited)",
					"DEBUG=1",
				);
				GCC_WARN_64_TO_32_BIT_CONVERSION = YES;
				GCC_WARN_ABOUT_RETURN_TYPE = YES_ERROR;
				GCC_WARN_UNDECLARED_SELECTOR = YES;
				GCC_WARN_UNINITIALIZED_AUTOS = YES_AGGRESSIVE;
				GCC_WARN_UNUSED_FUNCTION = YES;
				GCC_WARN_UNUSED_VARIABLE = YES;
				INFOPLIST_FILE = Sources/FirebaseViewer/Resources/Info.plist;
				IPHONEOS_DEPLOYMENT_TARGET = 17.0;
				MARKETING_VERSION = 1.8;
				MTL_ENABLE_DEBUG_INFO = INCLUDE_SOURCE;
				MTL_FAST_MATH = YES;
				ONLY_ACTIVE_ARCH = YES;
				PRODUCT_BUNDLE_IDENTIFIER = com.jamesbaker.FirebaseViewer;
				PRODUCT_NAME = "$(TARGET_NAME)";
				SWIFT_ACTIVE_COMPILATION_CONDITIONS = DEBUG;
				SWIFT_OPTIMIZATION_LEVEL = "-Onone";
				SWIFT_VERSION = 5.9;
				TARGETED_DEVICE_FAMILY = "1,2";
			};
			name = Debug;
		};
		2A8963E1CD98ED7753955FB8 /* Release */ = {
			isa = XCBuildConfiguration;
			buildSettings = {
				ASSETCATALOG_COMPILER_APPICON_NAME = AppIcon;
				CODE_SIGN_STYLE = Automatic;
				COMBINE_HIDPI_IMAGES = YES;
				CURRENT_PROJECT_VERSION = 1;
				DEVELOPMENT_TEAM = 4PDB3TQD2G;
				INFOPLIST_FILE = "Sources/FirebaseViewer/Resources/macOS-Info.plist";
				LD_RUNPATH_SEARCH_PATHS = (
					"$(inherited)",
					"@executable_path/../Frameworks",
				);
				MACOSX_DEPLOYMENT_TARGET = 13.0;
				MARKETING_VERSION = 1.8;
				PRODUCT_BUNDLE_IDENTIFIER = com.jamesbaker.FirebaseViewerMac;
				SDKROOT = macosx;
				SWIFT_VERSION = 5.9;
			};
			name = Release;
		};
		66DAEAF4D4A989C7DE1FAF25 /* Release */ = {
			isa = XCBuildConfiguration;
			buildSettings = {
				ALWAYS_SEARCH_USER_PATHS = NO;
				ASSETCATALOG_COMPILER_APPICON_NAME = AppIcon;
				CLANG_ANALYZER_NONNULL = YES;
				CLANG_ANALYZER_NUMBER_OBJECT_CONVERSION = YES_AGGRESSIVE;
				CLANG_CXX_LANGUAGE_STANDARD = "gnu++14";
				CLANG_CXX_LIBRARY = "libc++";
				CLANG_ENABLE_MODULES = YES;
				CLANG_ENABLE_OBJC_ARC = YES;
				CLANG_ENABLE_OBJC_WEAK = YES;
				CLANG_WARN_BLOCK_CAPTURE_AUTORELEASING = YES;
				CLANG_WARN_BOOL_CONVERSION = YES;
				CLANG_WARN_COMMA = YES;
				CLANG_WARN_CONSTANT_CONVERSION = YES;
				CLANG_WARN_DEPRECATED_OBJC_IMPLEMENTATIONS = YES;
				CLANG_WARN_DIRECT_OBJC_ISA_USAGE = YES_ERROR;
				CLANG_WARN_DOCUMENTATION_COMMENTS = YES;
				CLANG_WARN_EMPTY_BODY = YES;
				CLANG_WARN_ENUM_CONVERSION = YES;
				CLANG_WARN_INFINITE_RECURSION = YES;
				CLANG_WARN_INT_CONVERSION = YES;
				CLANG_WARN_NON_LITERAL_NULL_CONVERSION = YES;
				CLANG_WARN_OBJC_IMPLICIT_RETAIN_SELF = YES;
				CLANG_WARN_OBJC_LITERAL_CONVERSION = YES;
				CLANG_WARN_OBJC_ROOT_CLASS = YES_ERROR;
				CLANG_WARN_QUOTED_INCLUDE_IN_FRAMEWORK_HEADER = YES;
				CLANG_WARN_RANGE_LOOP_ANALYSIS = YES;
				CLANG_WARN_STRICT_PROTOTYPES = YES;
				CLANG_WARN_SUSPICIOUS_MOVE = YES;
				CLANG_WARN_UNGUARDED_AVAILABILITY = YES_AGGRESSIVE;
				CLANG_WARN_UNREACHABLE_CODE = YES;
				CLANG_WARN__DUPLICATE_METHOD_MATCH = YES;
				CODE_SIGN_STYLE = Automatic;
				COPY_PHASE_STRIP = NO;
				CURRENT_PROJECT_VERSION = 1;
				DEBUG_INFORMATION_FORMAT = "dwarf-with-dsym";
				DEVELOPMENT_TEAM = 4PDB3TQD2G;
				ENABLE_NS_ASSERTIONS = NO;
				ENABLE_STRICT_OBJC_MSGSEND = YES;
				GCC_C_LANGUAGE_STANDARD = gnu11;
				GCC_NO_COMMON_BLOCKS = YES;
				GCC_WARN_64_TO_32_BIT_CONVERSION = YES;
				GCC_WARN_ABOUT_RETURN_TYPE = YES_ERROR;
				GCC_WARN_UNDECLARED_SELECTOR = YES;
				GCC_WARN_UNINITIALIZED_AUTOS = YES_AGGRESSIVE;
				GCC_WARN_UNUSED_FUNCTION = YES;
				GCC_WARN_UNUSED_VARIABLE = YES;
				INFOPLIST_FILE = Sources/FirebaseViewer/Resources/Info.plist;
				IPHONEOS_DEPLOYMENT_TARGET = 17.0;
				MARKETING_VERSION = 1.8;
				MTL_ENABLE_DEBUG_INFO = NO;
				MTL_FAST_MATH = YES;
				PRODUCT_BUNDLE_IDENTIFIER = com.jamesbaker.FirebaseViewer;
				PRODUCT_NAME = "$(TARGET_NAME)";
				SWIFT_COMPILATION_MODE = wholemodule;
				SWIFT_OPTIMIZATION_LEVEL = "-O";
				SWIFT_VERSION = 5.9;
				TARGETED_DEVICE_FAMILY = "1,2";
			};
			name = Release;
		};
		A3920A68386C4AB1B34013BA /* Debug */ = {
			isa = XCBuildConfiguration;
			buildSettings = {
				ASSETCATALOG_COMPILER_APPICON_NAME = AppIcon;
				CODE_SIGN_STYLE = Automatic;
				COMBINE_HIDPI_IMAGES = YES;
				CURRENT_PROJECT_VERSION = 1;
				DEVELOPMENT_TEAM = 4PDB3TQD2G;
				INFOPLIST_FILE = "Sources/FirebaseViewer/Resources/macOS-Info.plist";
				LD_RUNPATH_SEARCH_PATHS = (
					"$(inherited)",
					"@executable_path/../Frameworks",
				);
				MACOSX_DEPLOYMENT_TARGET = 13.0;
				MARKETING_VERSION = 1.8;
				PRODUCT_BUNDLE_IDENTIFIER = com.jamesbaker.FirebaseViewerMac;
				SDKROOT = macosx;
				SWIFT_VERSION = 5.9;
			};
			name = Debug;
		};
		D4E2C917EEDC68BEF1F1A80F /* Release */ = {
			isa = XCBuildConfiguration;
			buildSettings = {
				ASSETCATALOG_COMPILER_APPICON_NAME = AppIcon;
				CODE_SIGN_IDENTITY = "iPhone Developer";
				INFOPLIST_FILE = Sources/FirebaseViewer/Resources/Info.plist;
				LD_RUNPATH_SEARCH_PATHS = (
					"$(inherited)",
					"@executable_path/Frameworks",
				);
				SDKROOT = iphoneos;
				TARGETED_DEVICE_FAMILY = "1,2";
			};
			name = Release;
		};
/* End XCBuildConfiguration section */

/* Begin XCConfigurationList section */
		35B80E94D9219AD480870F7E /* Build configuration list for PBXNativeTarget "FirebaseViewerMac" */ = {
			isa = XCConfigurationList;
			buildConfigurations = (
				A3920A68386C4AB1B34013BA /* Debug */,
				2A8963E1CD98ED7753955FB8 /* Release */,
			);
			defaultConfigurationIsVisible = 0;
			defaultConfigurationName = Debug;
		};
		C1394B51B64D10320C2D0F43 /* Build configuration list for PBXProject "FirebaseViewer" */ = {
			isa = XCConfigurationList;
			buildConfigurations = (
				2754CCD5423C1A3B8F615ACA /* Debug */,
				66DAEAF4D4A989C7DE1FAF25 /* Release */,
			);
			defaultConfigurationIsVisible = 0;
			defaultConfigurationName = Debug;
		};
		E579523B26323B43E5F86F9C /* Build configuration list for PBXNativeTarget "FirebaseViewer" */ = {
			isa = XCConfigurationList;
			buildConfigurations = (
				0C4548AB223F680130F63115 /* Debug */,
				D4E2C917EEDC68BEF1F1A80F /* Release */,
			);
			defaultConfigurationIsVisible = 0;
			defaultConfigurationName = Debug;
		};
/* End XCConfigurationList section */
	};
	rootObject = 9637A7AF8F3FC97E20857040 /* Project object */;
}
